// !$*UTF8*$!
{
	archiveVersion = 1;
	classes = {
	};
	objectVersion = 51;
	objects = {

/* Begin PBXBuildFile section */
		3C1ED1EF79F054F2A2DFE3F5D5083DC2 /* main.swift in Sources */ = {isa = PBXBuildFile; fileRef = 54026FA999249B8463898AE894014144 /* main.swift */; };
/* End PBXBuildFile section */

/* Begin PBXFileReference section */
		54026FA999249B8463898AE894014144 /* main.swift */ = {isa = PBXFileReference; lastKnownFileType = sourcecode.swift; path = main.swift; sourceTree = "<group>"; };
		BF533BA17175D62B8FCEFC84913EEF8D /* CLTProjectName-Release.xcconfig */ = {isa = PBXFileReference; lastKnownFileType = text.xcconfig; path = "CLTProjectName-Release.xcconfig"; sourceTree = "<group>"; };
		D00045AC2B8F09BAC95BF5FB407395CB /* CLTProjectName-Debug.xcconfig */ = {isa = PBXFileReference; lastKnownFileType = text.xcconfig; path = "CLTProjectName-Debug.xcconfig"; sourceTree = "<group>"; };
		D94FC4B3F9CFA50B4A3F0F85424C409E /* CLTProjectName */ = {isa = PBXFileReference; includeInIndex = 0; path = CLTProjectName; sourceTree = BUILT_PRODUCTS_DIR; };
/* End PBXFileReference section */

/* Begin PBXGroup section */
		0FF6ADA58BF07BBDB1B1E71D7F84D8FA = {
			isa = PBXGroup;
			children = (
				F24F9BB30D085E310708DAAFBFFECCD9 /* CLTProjectName */,
				751DA8E74EF772165751DE379EBB7005 /* configs */,
				6D6EC81215D075CEEF416CCC0FCE9173 /* Products */,
			);
			sourceTree = "<group>";
		};
		6151333063B43B6B17693FC0D2F8AAB6 /* Sources */ = {
			isa = PBXGroup;
			children = (
				54026FA999249B8463898AE894014144 /* main.swift */,
			);
			path = Sources;
			sourceTree = "<group>";
		};
		6D6EC81215D075CEEF416CCC0FCE9173 /* Products */ = {
			isa = PBXGroup;
			children = (
				D94FC4B3F9CFA50B4A3F0F85424C409E /* CLTProjectName */,
			);
			name = Products;
			sourceTree = "<group>";
		};
		751DA8E74EF772165751DE379EBB7005 /* configs */ = {
			isa = PBXGroup;
			children = (
				D00045AC2B8F09BAC95BF5FB407395CB /* CLTProjectName-Debug.xcconfig */,
				BF533BA17175D62B8FCEFC84913EEF8D /* CLTProjectName-Release.xcconfig */,
			);
			path = configs;
			sourceTree = "<group>";
		};
		F24F9BB30D085E310708DAAFBFFECCD9 /* CLTProjectName */ = {
			isa = PBXGroup;
			children = (
				6151333063B43B6B17693FC0D2F8AAB6 /* Sources */,
			);
			path = CLTProjectName;
			sourceTree = "<group>";
		};
/* End PBXGroup section */

/* Begin PBXNativeTarget section */
		3D654D5549753439C3A4BE46B65E7E93 /* CLTProjectName */ = {
			isa = PBXNativeTarget;
			buildConfigurationList = 7F59169CCE505B4065A45738E10F9F0F /* Build configuration list for PBXNativeTarget "CLTProjectName" */;
			buildPhases = (
				D5D41527BCC5EE131A957CB4C1926F9B /* Sources */,
			);
			buildRules = (
			);
			dependencies = (
			);
			name = CLTProjectName;
			productName = CLTProjectName;
			productReference = D94FC4B3F9CFA50B4A3F0F85424C409E /* CLTProjectName */;
			productType = "com.apple.product-type.tool";
		};
/* End PBXNativeTarget section */

/* Begin PBXProject section */
		BF9B5B8FCEC5483E5871F8DA732ADB31 /* Project object */ = {
			isa = PBXProject;
			attributes = {
				LastUpgradeCheck = 1020;
			};
			buildConfigurationList = 38C56D6A1BE76208BEED4058738ABA86 /* Build configuration list for PBXProject "CLTProjectName" */;
			compatibilityVersion = "Xcode 9.3";
			developmentRegion = en;
			hasScannedForEncodings = 0;
			knownRegions = (
				en,
			);
			mainGroup = 0FF6ADA58BF07BBDB1B1E71D7F84D8FA;
			projectDirPath = "";
			projectRoot = "";
			targets = (
				3D654D5549753439C3A4BE46B65E7E93 /* CLTProjectName */,
			);
		};
/* End PBXProject section */

/* Begin PBXSourcesBuildPhase section */
		D5D41527BCC5EE131A957CB4C1926F9B /* Sources */ = {
			isa = PBXSourcesBuildPhase;
			buildActionMask = 2147483647;
			files = (
				3C1ED1EF79F054F2A2DFE3F5D5083DC2 /* main.swift in Sources */,
			);
			runOnlyForDeploymentPostprocessing = 0;
		};
/* End PBXSourcesBuildPhase section */

/* Begin XCBuildConfiguration section */
		4501DFDC3B142934D991A70823990C9B /* Release */ = {
			isa = XCBuildConfiguration;
			buildSettings = {
				ALWAYS_SEARCH_USER_PATHS = NO;
				CLANG_ANALYZER_NONNULL = YES;
				CLANG_ANALYZER_NUMBER_OBJECT_CONVERSION = YES_AGGRESSIVE;
				CLANG_CXX_LANGUAGE_STANDARD = "gnu++14";
				CLANG_CXX_LIBRARY = "libc++";
				CLANG_ENABLE_MODULES = YES;
				CLANG_ENABLE_OBJC_ARC = YES;
				CLANG_WARN_BLOCK_CAPTURE_AUTORELEASING = YES;
				CLANG_WARN_BOOL_CONVERSION = YES;
				CLANG_WARN_COMMA = YES;
				CLANG_WARN_CONSTANT_CONVERSION = YES;
				CLANG_WARN_DEPRECATED_OBJC_IMPLEMENTATIONS = YES;
				CLANG_WARN_DIRECT_OBJC_ISA_USAGE = YES_ERROR;
				CLANG_WARN_DOCUMENTATION_COMMENTS = YES;
				CLANG_WARN_EMPTY_BODY = YES;
				CLANG_WARN_ENUM_CONVERSION = YES;
				CLANG_WARN_INFINITE_RECURSION = YES;
				CLANG_WARN_INT_CONVERSION = YES;
				CLANG_WARN_NON_LITERAL_NULL_CONVERSION = YES;
				CLANG_WARN_OBJC_IMPLICIT_RETAIN_SELF = YES;
				CLANG_WARN_OBJC_LITERAL_CONVERSION = YES;
				CLANG_WARN_OBJC_ROOT_CLASS = YES_ERROR;
				CLANG_WARN_RANGE_LOOP_ANALYSIS = YES;
				CLANG_WARN_STRICT_PROTOTYPES = YES;
				CLANG_WARN_SUSPICIOUS_MOVE = YES;
				CLANG_WARN_UNGUARDED_AVAILABILITY = YES_AGGRESSIVE;
				CLANG_WARN_UNREACHABLE_CODE = YES;
				CLANG_WARN__DUPLICATE_METHOD_MATCH = YES;
				COPY_PHASE_STRIP = NO;
				DEBUG_INFORMATION_FORMAT = "dwarf-with-dsym";
				ENABLE_NS_ASSERTIONS = NO;
				ENABLE_STRICT_OBJC_MSGSEND = YES;
				GCC_C_LANGUAGE_STANDARD = gnu11;
				GCC_NO_COMMON_BLOCKS = YES;
				GCC_WARN_64_TO_32_BIT_CONVERSION = YES;
				GCC_WARN_ABOUT_RETURN_TYPE = YES_ERROR;
				GCC_WARN_UNDECLARED_SELECTOR = YES;
				GCC_WARN_UNINITIALIZED_AUTOS = YES_AGGRESSIVE;
				GCC_WARN_UNUSED_FUNCTION = YES;
				GCC_WARN_UNUSED_VARIABLE = YES;
				PRODUCT_NAME = "$(TARGET_NAME)";
				SDKROOT = macosx;
				SWIFT_COMPILATION_MODE = wholemodule;
				SWIFT_VERSION = 5.0;
				VALIDATE_PRODUCT = YES;
			};
			name = Release;
		};
		6C180556DB13F7B38257EBAD3280E4A4 /* Release */ = {
			isa = XCBuildConfiguration;
			baseConfigurationReference = BF533BA17175D62B8FCEFC84913EEF8D /* CLTProjectName-Release.xcconfig */;
			buildSettings = {
				COMBINE_HIDPI_IMAGES = YES;
				LD_RUNPATH_SEARCH_PATHS = "$(inherited) @executable_path/../Frameworks";
				MACOSX_DEPLOYMENT_TARGET = 10.14;
				SDKROOT = macosx;
			};
			name = Release;
		};
		7B47F7241C319F3335994A9077226A32 /* Debug */ = {
			isa = XCBuildConfiguration;
			baseConfigurationReference = D00045AC2B8F09BAC95BF5FB407395CB /* CLTProjectName-Debug.xcconfig */;
			buildSettings = {
				COMBINE_HIDPI_IMAGES = YES;
				LD_RUNPATH_SEARCH_PATHS = "$(inherited) @executable_path/../Frameworks";
				MACOSX_DEPLOYMENT_TARGET = 10.14;
				SDKROOT = macosx;
			};
			name = Debug;
		};
		FF888DB3EEB949F7F06F918E32DBDF95 /* Debug */ = {
			isa = XCBuildConfiguration;
			buildSettings = {
				ALWAYS_SEARCH_USER_PATHS = NO;
				CLANG_ANALYZER_NONNULL = YES;
				CLANG_ANALYZER_NUMBER_OBJECT_CONVERSION = YES_AGGRESSIVE;
				CLANG_CXX_LANGUAGE_STANDARD = "gnu++14";
				CLANG_CXX_LIBRARY = "libc++";
				CLANG_ENABLE_MODULES = YES;
				CLANG_ENABLE_OBJC_ARC = YES;
				CLANG_WARN_BLOCK_CAPTURE_AUTORELEASING = YES;
				CLANG_WARN_BOOL_CONVERSION = YES;
				CLANG_WARN_COMMA = YES;
				CLANG_WARN_CONSTANT_CONVERSION = YES;
				CLANG_WARN_DEPRECATED_OBJC_IMPLEMENTATIONS = YES;
				CLANG_WARN_DIRECT_OBJC_ISA_USAGE = YES_ERROR;
				CLANG_WARN_DOCUMENTATION_COMMENTS = YES;
				CLANG_WARN_EMPTY_BODY = YES;
				CLANG_WARN_ENUM_CONVERSION = YES;
				CLANG_WARN_INFINITE_RECURSION = YES;
				CLANG_WARN_INT_CONVERSION = YES;
				CLANG_WARN_NON_LITERAL_NULL_CONVERSION = YES;
				CLANG_WARN_OBJC_IMPLICIT_RETAIN_SELF = YES;
				CLANG_WARN_OBJC_LITERAL_CONVERSION = YES;
				CLANG_WARN_OBJC_ROOT_CLASS = YES_ERROR;
				CLANG_WARN_RANGE_LOOP_ANALYSIS = YES;
				CLANG_WARN_STRICT_PROTOTYPES = YES;
				CLANG_WARN_SUSPICIOUS_MOVE = YES;
				CLANG_WARN_UNGUARDED_AVAILABILITY = YES_AGGRESSIVE;
				CLANG_WARN_UNREACHABLE_CODE = YES;
				CLANG_WARN__DUPLICATE_METHOD_MATCH = YES;
				COPY_PHASE_STRIP = NO;
				DEBUG_INFORMATION_FORMAT = dwarf;
				ENABLE_STRICT_OBJC_MSGSEND = YES;
				ENABLE_TESTABILITY = YES;
				GCC_C_LANGUAGE_STANDARD = gnu11;
				GCC_DYNAMIC_NO_PIC = NO;
				GCC_NO_COMMON_BLOCKS = YES;
				GCC_OPTIMIZATION_LEVEL = 0;
				GCC_PREPROCESSOR_DEFINITIONS = (
					"$(inherited)",
					"DEBUG=1",
				);
				GCC_WARN_64_TO_32_BIT_CONVERSION = YES;
				GCC_WARN_ABOUT_RETURN_TYPE = YES_ERROR;
				GCC_WARN_UNDECLARED_SELECTOR = YES;
				GCC_WARN_UNINITIALIZED_AUTOS = YES_AGGRESSIVE;
				GCC_WARN_UNUSED_FUNCTION = YES;
				GCC_WARN_UNUSED_VARIABLE = YES;
				MTL_ENABLE_DEBUG_INFO = YES;
				ONLY_ACTIVE_ARCH = YES;
				PRODUCT_NAME = "$(TARGET_NAME)";
				SDKROOT = macosx;
				SWIFT_ACTIVE_COMPILATION_CONDITIONS = DEBUG;
				SWIFT_OPTIMIZATION_LEVEL = "-Onone";
				SWIFT_VERSION = 5.0;
			};
			name = Debug;
		};
/* End XCBuildConfiguration section */

/* Begin XCConfigurationList section */
		38C56D6A1BE76208BEED4058738ABA86 /* Build configuration list for PBXProject "CLTProjectName" */ = {
			isa = XCConfigurationList;
			buildConfigurations = (
				FF888DB3EEB949F7F06F918E32DBDF95 /* Debug */,
				4501DFDC3B142934D991A70823990C9B /* Release */,
			);
			defaultConfigurationIsVisible = 0;
			defaultConfigurationName = Debug;
		};
		7F59169CCE505B4065A45738E10F9F0F /* Build configuration list for PBXNativeTarget "CLTProjectName" */ = {
			isa = XCConfigurationList;
			buildConfigurations = (
				7B47F7241C319F3335994A9077226A32 /* Debug */,
				6C180556DB13F7B38257EBAD3280E4A4 /* Release */,
			);
			defaultConfigurationIsVisible = 0;
			defaultConfigurationName = "";
		};
/* End XCConfigurationList section */
	};
	rootObject = BF9B5B8FCEC5483E5871F8DA732ADB31 /* Project object */;
}
